// !$*UTF8*$!
{
	archiveVersion = 1;
	classes = {
	};
	objectVersion = 48;
	objects = {

/* Begin PBXBuildFile section */
		F885A6481FF293850065BA03 /* CalendarViewController.swift in Sources */ = {isa = PBXBuildFile; fileRef = F885A6471FF293850065BA03 /* CalendarViewController.swift */; };
		F8D82D831FF1A1C50074DC9A /* AppDelegate.swift in Sources */ = {isa = PBXBuildFile; fileRef = F8D82D821FF1A1C50074DC9A /* AppDelegate.swift */; };
		F8D82D851FF1A1C50074DC9A /* ViewController.swift in Sources */ = {isa = PBXBuildFile; fileRef = F8D82D841FF1A1C50074DC9A /* ViewController.swift */; };
		F8D82D881FF1A1C50074DC9A /* Main.storyboard in Resources */ = {isa = PBXBuildFile; fileRef = F8D82D861FF1A1C50074DC9A /* Main.storyboard */; };
		F8D82D8B1FF1A1C50074DC9A /* MyCalendar.xcdatamodeld in Sources */ = {isa = PBXBuildFile; fileRef = F8D82D891FF1A1C50074DC9A /* MyCalendar.xcdatamodeld */; };
		F8D82D8D1FF1A1C50074DC9A /* Assets.xcassets in Resources */ = {isa = PBXBuildFile; fileRef = F8D82D8C1FF1A1C50074DC9A /* Assets.xcassets */; };
		F8D82D901FF1A1C50074DC9A /* LaunchScreen.storyboard in Resources */ = {isa = PBXBuildFile; fileRef = F8D82D8E1FF1A1C50074DC9A /* LaunchScreen.storyboard */; };
/* End PBXBuildFile section */

/* Begin PBXFileReference section */
		F885A6471FF293850065BA03 /* CalendarViewController.swift */ = {isa = PBXFileReference; lastKnownFileType = sourcecode.swift; path = CalendarViewController.swift; sourceTree = "<group>"; };
		F8D82D7F1FF1A1C50074DC9A /* MyCalendar.app */ = {isa = PBXFileReference; explicitFileType = wrapper.application; includeInIndex = 0; path = MyCalendar.app; sourceTree = BUILT_PRODUCTS_DIR; };
		F8D82D821FF1A1C50074DC9A /* AppDelegate.swift */ = {isa = PBXFileReference; lastKnownFileType = sourcecode.swift; path = AppDelegate.swift; sourceTree = "<group>"; };
		F8D82D841FF1A1C50074DC9A /* ViewController.swift */ = {isa = PBXFileReference; lastKnownFileType = sourcecode.swift; path = ViewController.swift; sourceTree = "<group>"; };
		F8D82D871FF1A1C50074DC9A /* Base */ = {isa = PBXFileReference; lastKnownFileType = file.storyboard; name = Base; path = Base.lproj/Main.storyboard; sourceTree = "<group>"; };
		F8D82D8A1FF1A1C50074DC9A /* MyCalendar.xcdatamodel */ = {isa = PBXFileReference; lastKnownFileType = wrapper.xcdatamodel; path = MyCalendar.xcdatamodel; sourceTree = "<group>"; };
		F8D82D8C1FF1A1C50074DC9A /* Assets.xcassets */ = {isa = PBXFileReference; lastKnownFileType = folder.assetcatalog; path = Assets.xcassets; sourceTree = "<group>"; };
		F8D82D8F1FF1A1C50074DC9A /* Base */ = {isa = PBXFileReference; lastKnownFileType = file.storyboard; name = Base; path = Base.lproj/LaunchScreen.storyboard; sourceTree = "<group>"; };
		F8D82D911FF1A1C50074DC9A /* Info.plist */ = {isa = PBXFileReference; lastKnownFileType = text.plist.xml; path = Info.plist; sourceTree = "<group>"; };
/* End PBXFileReference section */

/* Begin PBXFrameworksBuildPhase section */
		F8D82D7C1FF1A1C50074DC9A /* Frameworks */ = {
			isa = PBXFrameworksBuildPhase;
			buildActionMask = 2147483647;
			files = (
			);
			runOnlyForDeploymentPostprocessing = 0;
		};
/* End PBXFrameworksBuildPhase section */

/* Begin PBXGroup section */
		F8D82D761FF1A1C50074DC9A = {
			isa = PBXGroup;
			children = (
				F8D82D811FF1A1C50074DC9A /* MyCalendar */,
				F8D82D801FF1A1C50074DC9A /* Products */,
			);
			sourceTree = "<group>";
		};
		F8D82D801FF1A1C50074DC9A /* Products */ = {
			isa = PBXGroup;
			children = (
				F8D82D7F1FF1A1C50074DC9A /* MyCalendar.app */,
			);
			name = Products;
			sourceTree = "<group>";
		};
		F8D82D811FF1A1C50074DC9A /* MyCalendar */ = {
			isa = PBXGroup;
			children = (
				F8D82D821FF1A1C50074DC9A /* AppDelegate.swift */,
				F8D82D841FF1A1C50074DC9A /* ViewController.swift */,
				F885A6471FF293850065BA03 /* CalendarViewController.swift */,
				F8D82D861FF1A1C50074DC9A /* Main.storyboard */,
				F8D82D8C1FF1A1C50074DC9A /* Assets.xcassets */,
				F8D82D8E1FF1A1C50074DC9A /* LaunchScreen.storyboard */,
				F8D82D911FF1A1C50074DC9A /* Info.plist */,
				F8D82D891FF1A1C50074DC9A /* MyCalendar.xcdatamodeld */,
			);
			path = MyCalendar;
			sourceTree = "<group>";
		};
/* End PBXGroup section */

/* Begin PBXNativeTarget section */
		F8D82D7E1FF1A1C50074DC9A /* MyCalendar */ = {
			isa = PBXNativeTarget;
			buildConfigurationList = F8D82D941FF1A1C50074DC9A /* Build configuration list for PBXNativeTarget "MyCalendar" */;
			buildPhases = (
				F8D82D7B1FF1A1C50074DC9A /* Sources */,
				F8D82D7C1FF1A1C50074DC9A /* Frameworks */,
				F8D82D7D1FF1A1C50074DC9A /* Resources */,
			);
			buildRules = (
			);
			dependencies = (
			);
			name = MyCalendar;
			productName = MyCalendar;
			productReference = F8D82D7F1FF1A1C50074DC9A /* MyCalendar.app */;
			productType = "com.apple.product-type.application";
		};
/* End PBXNativeTarget section */

/* Begin PBXProject section */
		F8D82D771FF1A1C50074DC9A /* Project object */ = {
			isa = PBXProject;
			attributes = {
				LastSwiftUpdateCheck = 0920;
				LastUpgradeCheck = 0920;
				ORGANIZATIONNAME = PCTools;
				TargetAttributes = {
					F8D82D7E1FF1A1C50074DC9A = {
						CreatedOnToolsVersion = 9.2;
						ProvisioningStyle = Automatic;
					};
				};
			};
			buildConfigurationList = F8D82D7A1FF1A1C50074DC9A /* Build configuration list for PBXProject "MyCalendar" */;
			compatibilityVersion = "Xcode 8.0";
			developmentRegion = en;
			hasScannedForEncodings = 0;
			knownRegions = (
				en,
				Base,
			);
			mainGroup = F8D82D761FF1A1C50074DC9A;
			productRefGroup = F8D82D801FF1A1C50074DC9A /* Products */;
			projectDirPath = "";
			projectRoot = "";
			targets = (
				F8D82D7E1FF1A1C50074DC9A /* MyCalendar */,
			);
		};
/* End PBXProject section */

/* Begin PBXResourcesBuildPhase section */
		F8D82D7D1FF1A1C50074DC9A /* Resources */ = {
			isa = PBXResourcesBuildPhase;
			buildActionMask = 2147483647;
			files = (
				F8D82D901FF1A1C50074DC9A /* LaunchScreen.storyboard in Resources */,
				F8D82D8D1FF1A1C50074DC9A /* Assets.xcassets in Resources */,
				F8D82D881FF1A1C50074DC9A /* Main.storyboard in Resources */,
			);
			runOnlyForDeploymentPostprocessing = 0;
		};
/* End PBXResourcesBuildPhase section */

/* Begin PBXSourcesBuildPhase section */
		F8D82D7B1FF1A1C50074DC9A /* Sources */ = {
			isa = PBXSourcesBuildPhase;
			buildActionMask = 2147483647;
			files = (
				F885A6481FF293850065BA03 /* CalendarViewController.swift in Sources */,
				F8D82D851FF1A1C50074DC9A /* ViewController.swift in Sources */,
				F8D82D831FF1A1C50074DC9A /* AppDelegate.swift in Sources */,
				F8D82D8B1FF1A1C50074DC9A /* MyCalendar.xcdatamodeld in Sources */,
			);
			runOnlyForDeploymentPostprocessing = 0;
		};
/* End PBXSourcesBuildPhase section */

/* Begin PBXVariantGroup section */
		F8D82D861FF1A1C50074DC9A /* Main.storyboard */ = {
			isa = PBXVariantGroup;
			children = (
				F8D82D871FF1A1C50074DC9A /* Base */,
			);
			name = Main.storyboard;
			sourceTree = "<group>";
		};
		F8D82D8E1FF1A1C50074DC9A /* LaunchScreen.storyboard */ = {
			isa = PBXVariantGroup;
			children = (
				F8D82D8F1FF1A1C50074DC9A /* Base */,
			);
			name = LaunchScreen.storyboard;
			sourceTree = "<group>";
		};
/* End PBXVariantGroup section */

/* Begin XCBuildConfiguration section */
		F8D82D921FF1A1C50074DC9A /* Debug */ = {
			isa = XCBuildConfiguration;
			buildSettings = {
				ALWAYS_SEARCH_USER_PATHS = NO;
				CLANG_ANALYZER_NONNULL = YES;
				CLANG_ANALYZER_NUMBER_OBJECT_CONVERSION = YES_AGGRESSIVE;
				CLANG_CXX_LANGUAGE_STANDARD = "gnu++14";
				CLANG_CXX_LIBRARY = "libc++";
				CLANG_ENABLE_MODULES = YES;
				CLANG_ENABLE_OBJC_ARC = YES;
				CLANG_WARN_BLOCK_CAPTURE_AUTORELEASING = YES;
				CLANG_WARN_BOOL_CONVERSION = YES;
				CLANG_WARN_COMMA = YES;
				CLANG_WARN_CONSTANT_CONVERSION = YES;
				CLANG_WARN_DIRECT_OBJC_ISA_USAGE = YES_ERROR;
				CLANG_WARN_DOCUMENTATION_COMMENTS = YES;
				CLANG_WARN_EMPTY_BODY = YES;
				CLANG_WARN_ENUM_CONVERSION = YES;
				CLANG_WARN_INFINITE_RECURSION = YES;
				CLANG_WARN_INT_CONVERSION = YES;
				CLANG_WARN_NON_LITERAL_NULL_CONVERSION = YES;
				CLANG_WARN_OBJC_LITERAL_CONVERSION = YES;
				CLANG_WARN_OBJC_ROOT_CLASS = YES_ERROR;
				CLANG_WARN_RANGE_LOOP_ANALYSIS = YES;
				CLANG_WARN_STRICT_PROTOTYPES = YES;
				CLANG_WARN_SUSPICIOUS_MOVE = YES;
				CLANG_WARN_UNGUARDED_AVAILABILITY = YES_AGGRESSIVE;
				CLANG_WARN_UNREACHABLE_CODE = YES;
				CLANG_WARN__DUPLICATE_METHOD_MATCH = YES;
				CODE_SIGN_IDENTITY = "iPhone Developer";
				COPY_PHASE_STRIP = NO;
				DEBUG_INFORMATION_FORMAT = dwarf;
				ENABLE_STRICT_OBJC_MSGSEND = YES;
				ENABLE_TESTABILITY = YES;
				GCC_C_LANGUAGE_STANDARD = gnu11;
				GCC_DYNAMIC_NO_PIC = NO;
				GCC_NO_COMMON_BLOCKS = YES;
				GCC_OPTIMIZATION_LEVEL = 0;
				GCC_PREPROCESSOR_DEFINITIONS = (
					"DEBUG=1",
					"$(inherited)",
				);
				GCC_WARN_64_TO_32_BIT_CONVERSION = YES;
				GCC_WARN_ABOUT_RETURN_TYPE = YES_ERROR;
				GCC_WARN_UNDECLARED_SELECTOR = YES;
				GCC_WARN_UNINITIALIZED_AUTOS = YES_AGGRESSIVE;
				GCC_WARN_UNUSED_FUNCTION = YES;
				GCC_WARN_UNUSED_VARIABLE = YES;
				IPHONEOS_DEPLOYMENT_TARGET = 11.2;
				MTL_ENABLE_DEBUG_INFO = YES;
				ONLY_ACTIVE_ARCH = YES;
				SDKROOT = iphoneos;
				SWIFT_ACTIVE_COMPILATION_CONDITIONS = DEBUG;
				SWIFT_OPTIMIZATION_LEVEL = "-Onone";
			};
			name = Debug;
		};
		F8D82D931FF1A1C50074DC9A /* Release */ = {
			isa = XCBuildConfiguration;
			buildSettings = {
				ALWAYS_SEARCH_USER_PATHS = NO;
				CLANG_ANALYZER_NONNULL = YES;
				CLANG_ANALYZER_NUMBER_OBJECT_CONVERSION = YES_AGGRESSIVE;
				CLANG_CXX_LANGUAGE_STANDARD = "gnu++14";
				CLANG_CXX_LIBRARY = "libc++";
				CLANG_ENABLE_MODULES = YES;
				CLANG_ENABLE_OBJC_ARC = YES;
				CLANG_WARN_BLOCK_CAPTURE_AUTORELEASING = YES;
				CLANG_WARN_BOOL_CONVERSION = YES;
				CLANG_WARN_COMMA = YES;
				CLANG_WARN_CONSTANT_CONVERSION = YES;
				CLANG_WARN_DIRECT_OBJC_ISA_USAGE = YES_ERROR;
				CLANG_WARN_DOCUMENTATION_COMMENTS = YES;
				CLANG_WARN_EMPTY_BODY = YES;
				CLANG_WARN_ENUM_CONVERSION = YES;
				CLANG_WARN_INFINITE_RECURSION = YES;
				CLANG_WARN_INT_CONVERSION = YES;
				CLANG_WARN_NON_LITERAL_NULL_CONVERSION = YES;
				CLANG_WARN_OBJC_LITERAL_CONVERSION = YES;
				CLANG_WARN_OBJC_ROOT_CLASS = YES_ERROR;
				CLANG_WARN_RANGE_LOOP_ANALYSIS = YES;
				CLANG_WARN_STRICT_PROTOTYPES = YES;
				CLANG_WARN_SUSPICIOUS_MOVE = YES;
				CLANG_WARN_UNGUARDED_AVAILABILITY = YES_AGGRESSIVE;
				CLANG_WARN_UNREACHABLE_CODE = YES;
				CLANG_WARN__DUPLICATE_METHOD_MATCH = YES;
				CODE_SIGN_IDENTITY = "iPhone Developer";
				COPY_PHASE_STRIP = NO;
				DEBUG_INFORMATION_FORMAT = "dwarf-with-dsym";
				ENABLE_NS_ASSERTIONS = NO;
				ENABLE_STRICT_OBJC_MSGSEND = YES;
				GCC_C_LANGUAGE_STANDARD = gnu11;
				GCC_NO_COMMON_BLOCKS = YES;
				GCC_WARN_64_TO_32_BIT_CONVERSION = YES;
				GCC_WARN_ABOUT_RETURN_TYPE = YES_ERROR;
				GCC_WARN_UNDECLARED_SELECTOR = YES;
				GCC_WARN_UNINITIALIZED_AUTOS = YES_AGGRESSIVE;
				GCC_WARN_UNUSED_FUNCTION = YES;
				GCC_WARN_UNUSED_VARIABLE = YES;
				IPHONEOS_DEPLOYMENT_TARGET = 11.2;
				MTL_ENABLE_DEBUG_INFO = NO;
				SDKROOT = iphoneos;
				SWIFT_OPTIMIZATION_LEVEL = "-Owholemodule";
				VALIDATE_PRODUCT = YES;
			};
			name = Release;
		};
		F8D82D951FF1A1C50074DC9A /* Debug */ = {
			isa = XCBuildConfiguration;
			buildSettings = {
				ASSETCATALOG_COMPILER_APPICON_NAME = AppIcon;
				CODE_SIGN_STYLE = Automatic;
				DEVELOPMENT_TEAM = HB3L92PXLH;
				INFOPLIST_FILE = MyCalendar/Info.plist;
				LD_RUNPATH_SEARCH_PATHS = "$(inherited) @executable_path/Frameworks";
				PRODUCT_BUNDLE_IDENTIFIER = lb.edu.aub.RabihFawaz.MyCalendar;
				PRODUCT_NAME = "$(TARGET_NAME)";
				SWIFT_VERSION = 4.0;
				TARGETED_DEVICE_FAMILY = "1,2";
			};
			name = Debug;
		};
		F8D82D961FF1A1C50074DC9A /* Release */ = {
			isa = XCBuildConfiguration;
			buildSettings = {
				ASSETCATALOG_COMPILER_APPICON_NAME = AppIcon;
				CODE_SIGN_STYLE = Automatic;
				DEVELOPMENT_TEAM = HB3L92PXLH;
				INFOPLIST_FILE = MyCalendar/Info.plist;
				LD_RUNPATH_SEARCH_PATHS = "$(inherited) @executable_path/Frameworks";
				PRODUCT_BUNDLE_IDENTIFIER = lb.edu.aub.RabihFawaz.MyCalendar;
				PRODUCT_NAME = "$(TARGET_NAME)";
				SWIFT_VERSION = 4.0;
				TARGETED_DEVICE_FAMILY = "1,2";
			};
			name = Release;
		};
/* End XCBuildConfiguration section */

/* Begin XCConfigurationList section */
		F8D82D7A1FF1A1C50074DC9A /* Build configuration list for PBXProject "MyCalendar" */ = {
			isa = XCConfigurationList;
			buildConfigurations = (
				F8D82D921FF1A1C50074DC9A /* Debug */,
				F8D82D931FF1A1C50074DC9A /* Release */,
			);
			defaultConfigurationIsVisible = 0;
			defaultConfigurationName = Release;
		};
		F8D82D941FF1A1C50074DC9A /* Build configuration list for PBXNativeTarget "MyCalendar" */ = {
			isa = XCConfigurationList;
			buildConfigurations = (
				F8D82D951FF1A1C50074DC9A /* Debug */,
				F8D82D961FF1A1C50074DC9A /* Release */,
			);
			defaultConfigurationIsVisible = 0;
			defaultConfigurationName = Release;
		};
/* End XCConfigurationList section */

/* Begin XCVersionGroup section */
		F8D82D891FF1A1C50074DC9A /* MyCalendar.xcdatamodeld */ = {
			isa = XCVersionGroup;
			children = (
				F8D82D8A1FF1A1C50074DC9A /* MyCalendar.xcdatamodel */,
			);
			currentVersion = F8D82D8A1FF1A1C50074DC9A /* MyCalendar.xcdatamodel */;
			path = MyCalendar.xcdatamodeld;
			sourceTree = "<group>";
			versionGroupType = wrapper.xcdatamodel;
		};
/* End XCVersionGroup section */
	};
	rootObject = F8D82D771FF1A1C50074DC9A /* Project object */;
}
